
Microsoft Visual Studio Solution File, Format Version 11.00
# Visual Studio 2010
Project("{FAE04EC0-301F-11D3-BF4B-00C04F79EFBC}") = "Accelerated_Delivery_Win", "Accelerated_Delivery_Win\Accelerated_Delivery_Win.csproj", "{4A5BE7B5-0EF7-4584-B676-7113E59AACDE}"
EndProject
Project("{FAE04EC0-301F-11D3-BF4B-00C04F79EFBC}") = "Accelerated_Delivery_Win_Content", "Accelerated_Delivery_Win\Content\Accelerated_Delivery_Win_Content.contentproj", "{E11F33C5-09CA-4A11-B1F3-64ACD08801D3}"
EndProject
Project("{FAE04EC0-301F-11D3-BF4B-00C04F79EFBC}") = "Launcher", "Launcher\Launcher.csproj", "{E909FFB9-382E-42F9-B848-DFD6478BA3CC}"
	ProjectSection(ProjectDependencies) = postProject
		{4A5BE7B5-0EF7-4584-B676-7113E59AACDE} = {4A5BE7B5-0EF7-4584-B676-7113E59AACDE}
		{F18CADD2-A7B5-448E-AF51-52F324584C86} = {F18CADD2-A7B5-448E-AF51-52F324584C86}
	EndProjectSection
EndProject
Project("{FAE04EC0-301F-11D3-BF4B-00C04F79EFBC}") = "Downloader", "Downloader\Downloader.csproj", "{F18CADD2-A7B5-448E-AF51-52F324584C86}"
EndProject
Project("{2150E333-8FDC-42A3-9474-1A3956D46DE8}") = "Launcher", "Launcher", "{E20ADFF7-8DDC-4964-A6FE-A74005EF13BB}"
EndProject
Project("{FAE04EC0-301F-11D3-BF4B-00C04F79EFBC}") = "Decryptor", "Decryptor\Decryptor.csproj", "{033F4C6C-2A7E-482D-B7D2-61933F9F2EAF}"
EndProject
Project("{FAE04EC0-301F-11D3-BF4B-00C04F79EFBC}") = "Accelerated_Console", "Accelerated_Console\Accelerated_Console.csproj", "{734B32A3-EF9A-4A1F-8728-EE9C215B6791}"
EndProject
Project("{FAE04EC0-301F-11D3-BF4B-00C04F79EFBC}") = "Accelerated_Delivery", "Accelerated_Delivery\Accelerated_Delivery.csproj", "{A538DFFF-2490-4442-A4C4-A6FA578E33A9}"
EndProject
Project("{2150E333-8FDC-42A3-9474-1A3956D46DE8}") = "Spinoffs", "Spinoffs", "{A4388210-D3DC-472D-8042-B13FB4303834}"
EndProject
Global
	GlobalSection(SolutionConfigurationPlatforms) = preSolution
		Debug|Any CPU = Debug|Any CPU
		Debug|Mixed Platforms = Debug|Mixed Platforms
		Debug|x86 = Debug|x86
		IndieCity|Any CPU = IndieCity|Any CPU
		IndieCity|Mixed Platforms = IndieCity|Mixed Platforms
		IndieCity|x86 = IndieCity|x86
		Internal|Any CPU = Internal|Any CPU
		Internal|Mixed Platforms = Internal|Mixed Platforms
		Internal|x86 = Internal|x86
		Release|Any CPU = Release|Any CPU
		Release|Mixed Platforms = Release|Mixed Platforms
		Release|x86 = Release|x86
	EndGlobalSection
	GlobalSection(ProjectConfigurationPlatforms) = postSolution
		{4A5BE7B5-0EF7-4584-B676-7113E59AACDE}.Debug|Any CPU.ActiveCfg = Debug|x86
		{4A5BE7B5-0EF7-4584-B676-7113E59AACDE}.Debug|Mixed Platforms.ActiveCfg = Debug|x86
		{4A5BE7B5-0EF7-4584-B676-7113E59AACDE}.Debug|Mixed Platforms.Build.0 = Debug|x86
		{4A5BE7B5-0EF7-4584-B676-7113E59AACDE}.Debug|x86.ActiveCfg = Debug|x86
		{4A5BE7B5-0EF7-4584-B676-7113E59AACDE}.Debug|x86.Build.0 = Debug|x86
		{4A5BE7B5-0EF7-4584-B676-7113E59AACDE}.IndieCity|Any CPU.ActiveCfg = IndieCity|x86
		{4A5BE7B5-0EF7-4584-B676-7113E59AACDE}.IndieCity|Mixed Platforms.ActiveCfg = IndieCity|x86
		{4A5BE7B5-0EF7-4584-B676-7113E59AACDE}.IndieCity|Mixed Platforms.Build.0 = IndieCity|x86
		{4A5BE7B5-0EF7-4584-B676-7113E59AACDE}.IndieCity|x86.ActiveCfg = IndieCity|x86
		{4A5BE7B5-0EF7-4584-B676-7113E59AACDE}.IndieCity|x86.Build.0 = IndieCity|x86
		{4A5BE7B5-0EF7-4584-B676-7113E59AACDE}.Internal|Any CPU.ActiveCfg = Internal|x86
		{4A5BE7B5-0EF7-4584-B676-7113E59AACDE}.Internal|Mixed Platforms.ActiveCfg = Internal|x86
		{4A5BE7B5-0EF7-4584-B676-7113E59AACDE}.Internal|Mixed Platforms.Build.0 = Internal|x86
		{4A5BE7B5-0EF7-4584-B676-7113E59AACDE}.Internal|x86.ActiveCfg = Internal|x86
		{4A5BE7B5-0EF7-4584-B676-7113E59AACDE}.Internal|x86.Build.0 = Internal|x86
		{4A5BE7B5-0EF7-4584-B676-7113E59AACDE}.Release|Any CPU.ActiveCfg = Release|x86
		{4A5BE7B5-0EF7-4584-B676-7113E59AACDE}.Release|Mixed Platforms.ActiveCfg = Release|x86
		{4A5BE7B5-0EF7-4584-B676-7113E59AACDE}.Release|Mixed Platforms.Build.0 = Release|x86
		{4A5BE7B5-0EF7-4584-B676-7113E59AACDE}.Release|x86.ActiveCfg = Release|x86
		{4A5BE7B5-0EF7-4584-B676-7113E59AACDE}.Release|x86.Build.0 = Release|x86
		{E11F33C5-09CA-4A11-B1F3-64ACD08801D3}.Debug|Any CPU.ActiveCfg = Debug|x86
		{E11F33C5-09CA-4A11-B1F3-64ACD08801D3}.Debug|Mixed Platforms.ActiveCfg = Debug|x86
		{E11F33C5-09CA-4A11-B1F3-64ACD08801D3}.Debug|x86.ActiveCfg = Debug|x86
		{E11F33C5-09CA-4A11-B1F3-64ACD08801D3}.IndieCity|Any CPU.ActiveCfg = Release|x86
		{E11F33C5-09CA-4A11-B1F3-64ACD08801D3}.IndieCity|Mixed Platforms.ActiveCfg = Release|x86
		{E11F33C5-09CA-4A11-B1F3-64ACD08801D3}.IndieCity|x86.ActiveCfg = Release|x86
		{E11F33C5-09CA-4A11-B1F3-64ACD08801D3}.Internal|Any CPU.ActiveCfg = Release|x86
		{E11F33C5-09CA-4A11-B1F3-64ACD08801D3}.Internal|Mixed Platforms.ActiveCfg = Release|x86
		{E11F33C5-09CA-4A11-B1F3-64ACD08801D3}.Internal|x86.ActiveCfg = Release|x86
		{E11F33C5-09CA-4A11-B1F3-64ACD08801D3}.Release|Any CPU.ActiveCfg = Release|x86
		{E11F33C5-09CA-4A11-B1F3-64ACD08801D3}.Release|Mixed Platforms.ActiveCfg = Release|x86
		{E11F33C5-09CA-4A11-B1F3-64ACD08801D3}.Release|x86.ActiveCfg = Release|x86
		{E909FFB9-382E-42F9-B848-DFD6478BA3CC}.Debug|Any CPU.ActiveCfg = Debug|x86
		{E909FFB9-382E-42F9-B848-DFD6478BA3CC}.Debug|Mixed Platforms.ActiveCfg = Debug|x86
		{E909FFB9-382E-42F9-B848-DFD6478BA3CC}.Debug|Mixed Platforms.Build.0 = Debug|x86
		{E909FFB9-382E-42F9-B848-DFD6478BA3CC}.Debug|x86.ActiveCfg = Debug|x86
		{E909FFB9-382E-42F9-B848-DFD6478BA3CC}.Debug|x86.Build.0 = Debug|x86
		{E909FFB9-382E-42F9-B848-DFD6478BA3CC}.Demo|Any CPU.ActiveCfg = Demo|x86
		{E909FFB9-382E-42F9-B848-DFD6478BA3CC}.Demo|Mixed Platforms.ActiveCfg = Demo|x86
		{E909FFB9-382E-42F9-B848-DFD6478BA3CC}.Demo|Mixed Platforms.Build.0 = Demo|x86
		{E909FFB9-382E-42F9-B848-DFD6478BA3CC}.Demo|x86.ActiveCfg = Release|x86
		{E909FFB9-382E-42F9-B848-DFD6478BA3CC}.IndieCity|Any CPU.ActiveCfg = IndieCity|x86
		{E909FFB9-382E-42F9-B848-DFD6478BA3CC}.IndieCity|Mixed Platforms.ActiveCfg = IndieCity|x86
		{E909FFB9-382E-42F9-B848-DFD6478BA3CC}.IndieCity|Mixed Platforms.Build.0 = IndieCity|x86
		{E909FFB9-382E-42F9-B848-DFD6478BA3CC}.IndieCity|x86.ActiveCfg = Release|x86
		{E909FFB9-382E-42F9-B848-DFD6478BA3CC}.Internal|Any CPU.ActiveCfg = Internal|x86
		{E909FFB9-382E-42F9-B848-DFD6478BA3CC}.Internal|Mixed Platforms.ActiveCfg = Internal|x86
		{E909FFB9-382E-42F9-B848-DFD6478BA3CC}.Internal|Mixed Platforms.Build.0 = Internal|x86
		{E909FFB9-382E-42F9-B848-DFD6478BA3CC}.Internal|x86.ActiveCfg = Internal|x86
		{E909FFB9-382E-42F9-B848-DFD6478BA3CC}.Internal|x86.Build.0 = Internal|x86
		{E909FFB9-382E-42F9-B848-DFD6478BA3CC}.Release|Any CPU.ActiveCfg = Release|x86
		{E909FFB9-382E-42F9-B848-DFD6478BA3CC}.Release|Mixed Platforms.ActiveCfg = Release|x86
		{E909FFB9-382E-42F9-B848-DFD6478BA3CC}.Release|Mixed Platforms.Build.0 = Release|x86
		{E909FFB9-382E-42F9-B848-DFD6478BA3CC}.Release|x86.ActiveCfg = Release|x86
		{E909FFB9-382E-42F9-B848-DFD6478BA3CC}.Release|x86.Build.0 = Release|x86
		{F18CADD2-A7B5-448E-AF51-52F324584C86}.Debug|Any CPU.ActiveCfg = Debug|x86
		{F18CADD2-A7B5-448E-AF51-52F324584C86}.Debug|Mixed Platforms.ActiveCfg = Debug|x86
		{F18CADD2-A7B5-448E-AF51-52F324584C86}.Debug|Mixed Platforms.Build.0 = Debug|x86
		{F18CADD2-A7B5-448E-AF51-52F324584C86}.Debug|x86.ActiveCfg = Debug|x86
		{F18CADD2-A7B5-448E-AF51-52F324584C86}.Debug|x86.Build.0 = Debug|x86
		{F18CADD2-A7B5-448E-AF51-52F324584C86}.IndieCity|Any CPU.ActiveCfg = IndieCity|x86
		{F18CADD2-A7B5-448E-AF51-52F324584C86}.IndieCity|Mixed Platforms.ActiveCfg = IndieCity|x86
		{F18CADD2-A7B5-448E-AF51-52F324584C86}.IndieCity|Mixed Platforms.Build.0 = IndieCity|x86
		{F18CADD2-A7B5-448E-AF51-52F324584C86}.IndieCity|x86.ActiveCfg = Release|x86
		{F18CADD2-A7B5-448E-AF51-52F324584C86}.Internal|Any CPU.ActiveCfg = Internal|x86
		{F18CADD2-A7B5-448E-AF51-52F324584C86}.Internal|Mixed Platforms.ActiveCfg = Internal|x86
		{F18CADD2-A7B5-448E-AF51-52F324584C86}.Internal|Mixed Platforms.Build.0 = Internal|x86
		{F18CADD2-A7B5-448E-AF51-52F324584C86}.Internal|x86.ActiveCfg = Internal|x86
		{F18CADD2-A7B5-448E-AF51-52F324584C86}.Internal|x86.Build.0 = Internal|x86
		{F18CADD2-A7B5-448E-AF51-52F324584C86}.Release|Any CPU.ActiveCfg = Release|x86
		{F18CADD2-A7B5-448E-AF51-52F324584C86}.Release|Mixed Platforms.ActiveCfg = Release|x86
		{F18CADD2-A7B5-448E-AF51-52F324584C86}.Release|Mixed Platforms.Build.0 = Release|x86
		{F18CADD2-A7B5-448E-AF51-52F324584C86}.Release|x86.ActiveCfg = Release|x86
		{F18CADD2-A7B5-448E-AF51-52F324584C86}.Release|x86.Build.0 = Release|x86
		{033F4C6C-2A7E-482D-B7D2-61933F9F2EAF}.Debug|Any CPU.ActiveCfg = Debug|x86
		{033F4C6C-2A7E-482D-B7D2-61933F9F2EAF}.Debug|Mixed Platforms.ActiveCfg = Debug|x86
		{033F4C6C-2A7E-482D-B7D2-61933F9F2EAF}.Debug|Mixed Platforms.Build.0 = Debug|x86
		{033F4C6C-2A7E-482D-B7D2-61933F9F2EAF}.Debug|x86.ActiveCfg = Debug|x86
		{033F4C6C-2A7E-482D-B7D2-61933F9F2EAF}.Debug|x86.Build.0 = Debug|x86
		{033F4C6C-2A7E-482D-B7D2-61933F9F2EAF}.Demo|Any CPU.ActiveCfg = Demo|x86
		{033F4C6C-2A7E-482D-B7D2-61933F9F2EAF}.Demo|Mixed Platforms.ActiveCfg = Demo|x86
		{033F4C6C-2A7E-482D-B7D2-61933F9F2EAF}.Demo|Mixed Platforms.Build.0 = Demo|x86
		{033F4C6C-2A7E-482D-B7D2-61933F9F2EAF}.Demo|x86.ActiveCfg = Release|x86
		{033F4C6C-2A7E-482D-B7D2-61933F9F2EAF}.IndieCity|Any CPU.ActiveCfg = Release|x86
		{033F4C6C-2A7E-482D-B7D2-61933F9F2EAF}.IndieCity|Mixed Platforms.ActiveCfg = Release|x86
		{033F4C6C-2A7E-482D-B7D2-61933F9F2EAF}.IndieCity|Mixed Platforms.Build.0 = Release|x86
		{033F4C6C-2A7E-482D-B7D2-61933F9F2EAF}.IndieCity|x86.ActiveCfg = Release|x86
		{033F4C6C-2A7E-482D-B7D2-61933F9F2EAF}.Internal|Any CPU.ActiveCfg = Release|x86
		{033F4C6C-2A7E-482D-B7D2-61933F9F2EAF}.Internal|Mixed Platforms.ActiveCfg = Release|x86
		{033F4C6C-2A7E-482D-B7D2-61933F9F2EAF}.Internal|Mixed Platforms.Build.0 = Release|x86
		{033F4C6C-2A7E-482D-B7D2-61933F9F2EAF}.Internal|x86.ActiveCfg = Release|x86
		{033F4C6C-2A7E-482D-B7D2-61933F9F2EAF}.Release|Any CPU.ActiveCfg = Release|x86
		{033F4C6C-2A7E-482D-B7D2-61933F9F2EAF}.Release|Mixed Platforms.ActiveCfg = Release|x86
		{033F4C6C-2A7E-482D-B7D2-61933F9F2EAF}.Release|Mixed Platforms.Build.0 = Release|x86
		{033F4C6C-2A7E-482D-B7D2-61933F9F2EAF}.Release|x86.ActiveCfg = Release|x86
		{734B32A3-EF9A-4A1F-8728-EE9C215B6791}.Debug|Any CPU.ActiveCfg = Debug|x86
		{734B32A3-EF9A-4A1F-8728-EE9C215B6791}.Debug|Mixed Platforms.ActiveCfg = Debug|x86
		{734B32A3-EF9A-4A1F-8728-EE9C215B6791}.Debug|Mixed Platforms.Build.0 = Debug|x86
		{734B32A3-EF9A-4A1F-8728-EE9C215B6791}.Debug|x86.ActiveCfg = Debug|x86
		{734B32A3-EF9A-4A1F-8728-EE9C215B6791}.Debug|x86.Build.0 = Debug|x86
		{734B32A3-EF9A-4A1F-8728-EE9C215B6791}.IndieCity|Any CPU.ActiveCfg = Release|x86
		{734B32A3-EF9A-4A1F-8728-EE9C215B6791}.IndieCity|Mixed Platforms.ActiveCfg = Release|x86
		{734B32A3-EF9A-4A1F-8728-EE9C215B6791}.IndieCity|Mixed Platforms.Build.0 = Release|x86
		{734B32A3-EF9A-4A1F-8728-EE9C215B6791}.IndieCity|x86.ActiveCfg = Release|x86
		{734B32A3-EF9A-4A1F-8728-EE9C215B6791}.Internal|Any CPU.ActiveCfg = Release|x86
		{734B32A3-EF9A-4A1F-8728-EE9C215B6791}.Internal|Mixed Platforms.ActiveCfg = Release|x86
		{734B32A3-EF9A-4A1F-8728-EE9C215B6791}.Internal|Mixed Platforms.Build.0 = Release|x86
		{734B32A3-EF9A-4A1F-8728-EE9C215B6791}.Internal|x86.ActiveCfg = Release|x86
		{734B32A3-EF9A-4A1F-8728-EE9C215B6791}.Release|Any CPU.ActiveCfg = Release|x86
		{734B32A3-EF9A-4A1F-8728-EE9C215B6791}.Release|Mixed Platforms.ActiveCfg = Release|x86
		{734B32A3-EF9A-4A1F-8728-EE9C215B6791}.Release|Mixed Platforms.Build.0 = Release|x86
		{734B32A3-EF9A-4A1F-8728-EE9C215B6791}.Release|x86.ActiveCfg = Release|x86
		{734B32A3-EF9A-4A1F-8728-EE9C215B6791}.Release|x86.Build.0 = Release|x86
		{A538DFFF-2490-4442-A4C4-A6FA578E33A9}.Debug|Any CPU.ActiveCfg = Debug|Any CPU
		{A538DFFF-2490-4442-A4C4-A6FA578E33A9}.Debug|Any CPU.Build.0 = Debug|Any CPU
		{A538DFFF-2490-4442-A4C4-A6FA578E33A9}.Debug|Mixed Platforms.ActiveCfg = Debug|x86
		{A538DFFF-2490-4442-A4C4-A6FA578E33A9}.Debug|Mixed Platforms.Build.0 = Debug|x86
		{A538DFFF-2490-4442-A4C4-A6FA578E33A9}.Debug|x86.ActiveCfg = Debug|x86
		{A538DFFF-2490-4442-A4C4-A6FA578E33A9}.Debug|x86.Build.0 = Debug|x86
		{A538DFFF-2490-4442-A4C4-A6FA578E33A9}.IndieCity|Any CPU.ActiveCfg = Release|Any CPU
		{A538DFFF-2490-4442-A4C4-A6FA578E33A9}.IndieCity|Any CPU.Build.0 = Release|Any CPU
		{A538DFFF-2490-4442-A4C4-A6FA578E33A9}.IndieCity|Mixed Platforms.ActiveCfg = Release|x86
		{A538DFFF-2490-4442-A4C4-A6FA578E33A9}.IndieCity|Mixed Platforms.Build.0 = Release|x86
		{A538DFFF-2490-4442-A4C4-A6FA578E33A9}.IndieCity|x86.ActiveCfg = IndieCity|x86
		{A538DFFF-2490-4442-A4C4-A6FA578E33A9}.IndieCity|x86.Build.0 = IndieCity|x86
		{A538DFFF-2490-4442-A4C4-A6FA578E33A9}.Internal|Any CPU.ActiveCfg = Release|Any CPU
		{A538DFFF-2490-4442-A4C4-A6FA578E33A9}.Internal|Any CPU.Build.0 = Release|Any CPU
		{A538DFFF-2490-4442-A4C4-A6FA578E33A9}.Internal|Mixed Platforms.ActiveCfg = Release|x86
		{A538DFFF-2490-4442-A4C4-A6FA578E33A9}.Internal|Mixed Platforms.Build.0 = Release|x86
		{A538DFFF-2490-4442-A4C4-A6FA578E33A9}.Internal|x86.ActiveCfg = Internal|x86
		{A538DFFF-2490-4442-A4C4-A6FA578E33A9}.Internal|x86.Build.0 = Internal|x86
		{A538DFFF-2490-4442-A4C4-A6FA578E33A9}.Release|Any CPU.ActiveCfg = Release|x86
		{A538DFFF-2490-4442-A4C4-A6FA578E33A9}.Release|Any CPU.Build.0 = Release|x86
		{A538DFFF-2490-4442-A4C4-A6FA578E33A9}.Release|Mixed Platforms.ActiveCfg = Release|x86
		{A538DFFF-2490-4442-A4C4-A6FA578E33A9}.Release|Mixed Platforms.Build.0 = Release|x86
		{A538DFFF-2490-4442-A4C4-A6FA578E33A9}.Release|x86.ActiveCfg = Release|x86
		{A538DFFF-2490-4442-A4C4-A6FA578E33A9}.Release|x86.Build.0 = Release|x86
		{6E87C183-16E3-429E-8789-868696075046}.Debug|Any CPU.ActiveCfg = Debug|x86
		{6E87C183-16E3-429E-8789-868696075046}.Debug|Mixed Platforms.ActiveCfg = Debug|x86
		{6E87C183-16E3-429E-8789-868696075046}.Debug|Mixed Platforms.Build.0 = Debug|x86
		{6E87C183-16E3-429E-8789-868696075046}.Debug|x86.ActiveCfg = Debug|x86
		{6E87C183-16E3-429E-8789-868696075046}.Debug|x86.Build.0 = Debug|x86
		{6E87C183-16E3-429E-8789-868696075046}.IndieCity|Any CPU.ActiveCfg = Release|x86
		{6E87C183-16E3-429E-8789-868696075046}.IndieCity|Mixed Platforms.ActiveCfg = Release|x86
		{6E87C183-16E3-429E-8789-868696075046}.IndieCity|Mixed Platforms.Build.0 = Release|x86
		{6E87C183-16E3-429E-8789-868696075046}.IndieCity|x86.ActiveCfg = Release|x86
		{6E87C183-16E3-429E-8789-868696075046}.Internal|Any CPU.ActiveCfg = Release|x86
		{6E87C183-16E3-429E-8789-868696075046}.Internal|Mixed Platforms.ActiveCfg = Release|x86
		{6E87C183-16E3-429E-8789-868696075046}.Internal|Mixed Platforms.Build.0 = Release|x86
		{6E87C183-16E3-429E-8789-868696075046}.Internal|x86.ActiveCfg = Internal|x86
		{6E87C183-16E3-429E-8789-868696075046}.Release|Any CPU.ActiveCfg = Release|x86
		{6E87C183-16E3-429E-8789-868696075046}.Release|Mixed Platforms.ActiveCfg = Release|x86
		{6E87C183-16E3-429E-8789-868696075046}.Release|Mixed Platforms.Build.0 = Release|x86
		{6E87C183-16E3-429E-8789-868696075046}.Release|x86.ActiveCfg = Release|x86
	EndGlobalSection
	GlobalSection(SolutionProperties) = preSolution
		HideSolutionNode = FALSE
	EndGlobalSection
	GlobalSection(NestedProjects) = preSolution
		{F18CADD2-A7B5-448E-AF51-52F324584C86} = {E20ADFF7-8DDC-4964-A6FE-A74005EF13BB}
		{E909FFB9-382E-42F9-B848-DFD6478BA3CC} = {E20ADFF7-8DDC-4964-A6FE-A74005EF13BB}
		{6E87C183-16E3-429E-8789-868696075046} = {7BEF3FFF-B447-40ED-A536-8C81886E2435}
		{734B32A3-EF9A-4A1F-8728-EE9C215B6791} = {A4388210-D3DC-472D-8042-B13FB4303834}
	EndGlobalSection
EndGlobal
